{
  "requires": true,
  "lockfileVersion": 1,
  "dependencies": {
    "vue2-smooth-scroll": {
      "version": "1.5.0",
      "resolved": "https://registry.npmjs.org/vue2-smooth-scroll/-/vue2-smooth-scroll-1.5.0.tgz",
      "integrity": "sha512-/htFv6TiXmxnnqSw/oslDodfsZ41so1mFt9s4dXE80RBTcyZH8P1R9SHNvWx5C+FQQ6pbfQdimf3OuS5KnHvCw=="
    }
  }
}
